{
  "name": "4_my-npm-package",
  "version": "1.0.0",
  "lockfileVersion": 2,
  "requires": true,
  "packages": {
    "": {
      "name": "4_my-npm-package",
      "version": "1.0.0",
      "license": "ISC",
      "dependencies": {
        "simple-arithmetic-calculator": "^1.0.0"
      }
    },
    "node_modules/simple-arithmetic-calculator": {
      "version": "1.0.0",
      "resolved": "https://registry.npmjs.org/simple-arithmetic-calculator/-/simple-arithmetic-calculator-1.0.0.tgz",
      "integrity": "sha512-/xwTSBOtQe0ViUIQh6gOF6YxbNIfI6T7HVu2LYMV4sBk2ULQdYUne5U8bAs8Un5VjhF9KeZ3keQshDOF5SLK8g=="
    }
  },
  "dependencies": {
    "simple-arithmetic-calculator": {
      "version": "1.0.0",
      "resolved": "https://registry.npmjs.org/simple-arithmetic-calculator/-/simple-arithmetic-calculator-1.0.0.tgz",
      "integrity": "sha512-/xwTSBOtQe0ViUIQh6gOF6YxbNIfI6T7HVu2LYMV4sBk2ULQdYUne5U8bAs8Un5VjhF9KeZ3keQshDOF5SLK8g=="
    }
  }
}
